
Microsoft Visual Studio Solution File, Format Version 12.00
# Visual Studio Version 16
VisualStudioVersion = 16.0.30204.135
MinimumVisualStudioVersion = 10.0.40219.1
Project("{2150E333-8FDC-42A3-9474-1A3956D46DE8}") = "Solution Items", "Solution Items", "{E793AF18-4371-4EBD-96FC-195EB1798855}"
	ProjectSection(SolutionItems) = preProject
		.gitignore = .gitignore
		src\Directory.Build.props = src\Directory.Build.props
		.github\workflows\dotnet.yml = .github\workflows\dotnet.yml
		LICENSE = LICENSE
		README.md = README.md
	EndProjectSection
EndProject
Project("{2150E333-8FDC-42A3-9474-1A3956D46DE8}") = "libs", "libs", "{61E7E11E-4558-434C-ACE8-06316A3097B3}"
	ProjectSection(SolutionItems) = preProject
		src\libs\Directory.Build.props = src\libs\Directory.Build.props
	EndProjectSection
EndProject
Project("{FAE04EC0-301F-11D3-BF4B-00C04F79EFBC}") = "Uno.Sdk", "src\libs\Uno.Sdk\Uno.Sdk.csproj", "{C60290EE-4FAE-4E77-9676-ACA3AFC50CE0}"
EndProject
Project("{2150E333-8FDC-42A3-9474-1A3956D46DE8}") = "apps", "apps", "{4CA75328-5D8C-46F5-9B4C-E84A50145139}"
EndProject
Project("{FAE04EC0-301F-11D3-BF4B-00C04F79EFBC}") = "Mvvm.Apps.Core", "src\apps\Mvvm.Apps.Core\Mvvm.Apps.Core.csproj", "{30D0F15F-3DA2-4AD8-9E4F-433E61A5DB6D}"
EndProject
Project("{FAE04EC0-301F-11D3-BF4B-00C04F79EFBC}") = "Mvvm.Apps.Core.DesignTime", "src\apps\Mvvm.Apps.Core.DesignTime\Mvvm.Apps.Core.DesignTime.csproj", "{9967AD36-6ED3-45EF-87A1-B7C3B6DDA22C}"
EndProject
Project("{2150E333-8FDC-42A3-9474-1A3956D46DE8}") = "Uno", "Uno", "{FB6D21B5-DD1D-49EC-92C6-1935008579DA}"
	ProjectSection(SolutionItems) = preProject
		src\apps\Mvvm.Apps.Shared\Mvvm.Apps.Shared.props = src\apps\Mvvm.Apps.Shared\Mvvm.Apps.Shared.props
		src\apps\Uno\Mvvm.Apps.Uno.Shared\Mvvm.Apps.Uno.Shared.props = src\apps\Uno\Mvvm.Apps.Uno.Shared\Mvvm.Apps.Uno.Shared.props
	EndProjectSection
EndProject
Project("{FAE04EC0-301F-11D3-BF4B-00C04F79EFBC}") = "Mvvm.Apps.Uno", "src\apps\Uno\Mvvm.Apps.Uno\Mvvm.Apps.Uno.csproj", "{4CEBF8A2-503C-44F3-A35F-674B42339BEF}"
EndProject
Project("{FAE04EC0-301F-11D3-BF4B-00C04F79EFBC}") = "Mvvm.Apps.Uno.Skia.Gtk", "src\apps\Uno\Mvvm.Apps.Uno.Skia.Gtk\Mvvm.Apps.Uno.Skia.Gtk.csproj", "{4E1B9166-1A1A-42D5-839B-D8A71291BB1B}"
EndProject
Project("{FAE04EC0-301F-11D3-BF4B-00C04F79EFBC}") = "Mvvm.Apps.Uno.Mobile", "src\apps\Uno\Mvvm.Apps.Uno.Mobile\Mvvm.Apps.Uno.Mobile.csproj", "{BABE3D49-D72D-4F55-A044-464E540F534A}"
EndProject
Project("{FAE04EC0-301F-11D3-BF4B-00C04F79EFBC}") = "Mvvm.Apps.Uno.WebAssembly", "src\apps\Uno\Mvvm.Apps.Uno.WebAssembly\Mvvm.Apps.Uno.WebAssembly.csproj", "{9283AE83-D8CA-4C61-92A2-57CB06A4F975}"
EndProject
Project("{FAE04EC0-301F-11D3-BF4B-00C04F79EFBC}") = "Mvvm.Apps.Uno.All", "src\apps\Uno\Mvvm.Apps.Uno.All\Mvvm.Apps.Uno.All.csproj", "{86BCDC09-800F-43BD-AB08-0BA5A953B439}"
EndProject
Global
	GlobalSection(SolutionConfigurationPlatforms) = preSolution
		Debug|Any CPU = Debug|Any CPU
		Release|Any CPU = Release|Any CPU
	EndGlobalSection
	GlobalSection(ProjectConfigurationPlatforms) = postSolution
		{C60290EE-4FAE-4E77-9676-ACA3AFC50CE0}.Debug|Any CPU.ActiveCfg = Debug|Any CPU
		{C60290EE-4FAE-4E77-9676-ACA3AFC50CE0}.Debug|Any CPU.Build.0 = Debug|Any CPU
		{C60290EE-4FAE-4E77-9676-ACA3AFC50CE0}.Release|Any CPU.ActiveCfg = Release|Any CPU
		{C60290EE-4FAE-4E77-9676-ACA3AFC50CE0}.Release|Any CPU.Build.0 = Release|Any CPU
		{30D0F15F-3DA2-4AD8-9E4F-433E61A5DB6D}.Debug|Any CPU.ActiveCfg = Debug|Any CPU
		{30D0F15F-3DA2-4AD8-9E4F-433E61A5DB6D}.Debug|Any CPU.Build.0 = Debug|Any CPU
		{30D0F15F-3DA2-4AD8-9E4F-433E61A5DB6D}.Release|Any CPU.ActiveCfg = Release|Any CPU
		{30D0F15F-3DA2-4AD8-9E4F-433E61A5DB6D}.Release|Any CPU.Build.0 = Release|Any CPU
		{9967AD36-6ED3-45EF-87A1-B7C3B6DDA22C}.Debug|Any CPU.ActiveCfg = Debug|Any CPU
		{9967AD36-6ED3-45EF-87A1-B7C3B6DDA22C}.Debug|Any CPU.Build.0 = Debug|Any CPU
		{9967AD36-6ED3-45EF-87A1-B7C3B6DDA22C}.Release|Any CPU.ActiveCfg = Release|Any CPU
		{9967AD36-6ED3-45EF-87A1-B7C3B6DDA22C}.Release|Any CPU.Build.0 = Release|Any CPU
		{4CEBF8A2-503C-44F3-A35F-674B42339BEF}.Debug|Any CPU.ActiveCfg = Debug|Any CPU
		{4CEBF8A2-503C-44F3-A35F-674B42339BEF}.Debug|Any CPU.Build.0 = Debug|Any CPU
		{4CEBF8A2-503C-44F3-A35F-674B42339BEF}.Release|Any CPU.ActiveCfg = Release|Any CPU
		{4CEBF8A2-503C-44F3-A35F-674B42339BEF}.Release|Any CPU.Build.0 = Release|Any CPU
		{4E1B9166-1A1A-42D5-839B-D8A71291BB1B}.Debug|Any CPU.ActiveCfg = Debug|Any CPU
		{4E1B9166-1A1A-42D5-839B-D8A71291BB1B}.Debug|Any CPU.Build.0 = Debug|Any CPU
		{4E1B9166-1A1A-42D5-839B-D8A71291BB1B}.Release|Any CPU.ActiveCfg = Release|Any CPU
		{4E1B9166-1A1A-42D5-839B-D8A71291BB1B}.Release|Any CPU.Build.0 = Release|Any CPU
		{BABE3D49-D72D-4F55-A044-464E540F534A}.Debug|Any CPU.ActiveCfg = Debug|Any CPU
		{BABE3D49-D72D-4F55-A044-464E540F534A}.Debug|Any CPU.Build.0 = Debug|Any CPU
		{BABE3D49-D72D-4F55-A044-464E540F534A}.Release|Any CPU.ActiveCfg = Release|Any CPU
		{BABE3D49-D72D-4F55-A044-464E540F534A}.Release|Any CPU.Build.0 = Release|Any CPU
		{9283AE83-D8CA-4C61-92A2-57CB06A4F975}.Debug|Any CPU.ActiveCfg = Debug|Any CPU
		{9283AE83-D8CA-4C61-92A2-57CB06A4F975}.Debug|Any CPU.Build.0 = Debug|Any CPU
		{9283AE83-D8CA-4C61-92A2-57CB06A4F975}.Release|Any CPU.ActiveCfg = Release|Any CPU
		{9283AE83-D8CA-4C61-92A2-57CB06A4F975}.Release|Any CPU.Build.0 = Release|Any CPU
		{86BCDC09-800F-43BD-AB08-0BA5A953B439}.Debug|Any CPU.ActiveCfg = Debug|Any CPU
		{86BCDC09-800F-43BD-AB08-0BA5A953B439}.Debug|Any CPU.Build.0 = Debug|Any CPU
		{86BCDC09-800F-43BD-AB08-0BA5A953B439}.Release|Any CPU.ActiveCfg = Debug|Any CPU
		{86BCDC09-800F-43BD-AB08-0BA5A953B439}.Release|Any CPU.Build.0 = Debug|Any CPU
	EndGlobalSection
	GlobalSection(SolutionProperties) = preSolution
		HideSolutionNode = FALSE
	EndGlobalSection
	GlobalSection(NestedProjects) = preSolution
		{C60290EE-4FAE-4E77-9676-ACA3AFC50CE0} = {61E7E11E-4558-434C-ACE8-06316A3097B3}
		{30D0F15F-3DA2-4AD8-9E4F-433E61A5DB6D} = {4CA75328-5D8C-46F5-9B4C-E84A50145139}
		{9967AD36-6ED3-45EF-87A1-B7C3B6DDA22C} = {4CA75328-5D8C-46F5-9B4C-E84A50145139}
		{FB6D21B5-DD1D-49EC-92C6-1935008579DA} = {4CA75328-5D8C-46F5-9B4C-E84A50145139}
		{4CEBF8A2-503C-44F3-A35F-674B42339BEF} = {FB6D21B5-DD1D-49EC-92C6-1935008579DA}
		{4E1B9166-1A1A-42D5-839B-D8A71291BB1B} = {FB6D21B5-DD1D-49EC-92C6-1935008579DA}
		{BABE3D49-D72D-4F55-A044-464E540F534A} = {FB6D21B5-DD1D-49EC-92C6-1935008579DA}
		{9283AE83-D8CA-4C61-92A2-57CB06A4F975} = {FB6D21B5-DD1D-49EC-92C6-1935008579DA}
		{86BCDC09-800F-43BD-AB08-0BA5A953B439} = {FB6D21B5-DD1D-49EC-92C6-1935008579DA}
	EndGlobalSection
	GlobalSection(ExtensibilityGlobals) = postSolution
		SolutionGuid = {CED9A020-DBA5-4BE6-8096-75E528648EC1}
	EndGlobalSection
EndGlobal
