
Microsoft Visual Studio Solution File, Format Version 12.00
# Visual Studio Version 16
VisualStudioVersion = 16.0.30204.135
MinimumVisualStudioVersion = 10.0.40219.1
Project("{2150E333-8FDC-42A3-9474-1A3956D46DE8}") = "Solution Items", "Solution Items", "{E793AF18-4371-4EBD-96FC-195EB1798855}"
	ProjectSection(SolutionItems) = preProject
		.gitignore = .gitignore
		README.md = README.md
	EndProjectSection
EndProject
Project("{2150E333-8FDC-42A3-9474-1A3956D46DE8}") = "apps", "apps", "{4CA75328-5D8C-46F5-9B4C-E84A50145139}"
EndProject
Project("{2150E333-8FDC-42A3-9474-1A3956D46DE8}") = "Uno", "Uno", "{FB6D21B5-DD1D-49EC-92C6-1935008579DA}"
	ProjectSection(SolutionItems) = preProject
		src\apps\Uno.Sdk.Apps.Shared\Uno.Sdk.Apps.Shared.props = src\apps\Uno.Sdk.Apps.Shared\Uno.Sdk.Apps.Shared.props
		src\apps\Uno\Uno.Sdk.Apps.Uno.Shared\Uno.Sdk.Apps.Uno.Shared.props = src\apps\Uno\Uno.Sdk.Apps.Uno.Shared\Uno.Sdk.Apps.Uno.Shared.props
	EndProjectSection
EndProject
Project("{FAE04EC0-301F-11D3-BF4B-00C04F79EFBC}") = "Uno.Sdk.Apps.Uno", "src\apps\Uno\Uno.Sdk.Apps.Uno\Uno.Sdk.Apps.Uno.csproj", "{4CEBF8A2-503C-44F3-A35F-674B42339BEF}"
EndProject
Project("{FAE04EC0-301F-11D3-BF4B-00C04F79EFBC}") = "Uno.Sdk.Apps.Uno.Skia.Gtk", "src\apps\Uno\Uno.Sdk.Apps.Uno.Skia.Gtk\Uno.Sdk.Apps.Uno.Skia.Gtk.csproj", "{4E1B9166-1A1A-42D5-839B-D8A71291BB1B}"
EndProject
Project("{FAE04EC0-301F-11D3-BF4B-00C04F79EFBC}") = "Uno.Sdk.Apps.Uno.Mobile", "src\apps\Uno\Uno.Sdk.Apps.Uno.Mobile\Uno.Sdk.Apps.Uno.Mobile.csproj", "{BABE3D49-D72D-4F55-A044-464E540F534A}"
EndProject
Project("{FAE04EC0-301F-11D3-BF4B-00C04F79EFBC}") = "Uno.Sdk.Apps.Uno.WebAssembly", "src\apps\Uno\Uno.Sdk.Apps.Uno.WebAssembly\Uno.Sdk.Apps.Uno.WebAssembly.csproj", "{9283AE83-D8CA-4C61-92A2-57CB06A4F975}"
EndProject
Project("{FAE04EC0-301F-11D3-BF4B-00C04F79EFBC}") = "Uno.Sdk.Apps.Uno.All", "src\apps\Uno\Uno.Sdk.Apps.Uno.All\Uno.Sdk.Apps.Uno.All.csproj", "{86BCDC09-800F-43BD-AB08-0BA5A953B439}"
EndProject
Project("{FAE04EC0-301F-11D3-BF4B-00C04F79EFBC}") = "Uno.Sdk.Apps.WinUI", "src\apps\Uno.Sdk.Apps.WinUI\Uno.Sdk.Apps.WinUI.csproj", "{05E0BCA3-AF12-4DE0-94F0-17A8CFBB7DBA}"
EndProject
Project("{2150E333-8FDC-42A3-9474-1A3956D46DE8}") = "workload", "workload", "{7CC47D4D-B930-4B3F-8164-16E743B7C64C}"
	ProjectSection(SolutionItems) = preProject
		src\workload\Directory.Build.props = src\workload\Directory.Build.props
	EndProjectSection
EndProject
Project("{FAE04EC0-301F-11D3-BF4B-00C04F79EFBC}") = "Uno.Sdk", "src\workload\Uno.Sdk\Uno.Sdk.csproj", "{308C3CAD-4893-41F6-8137-C7EFC1913ADB}"
EndProject
Project("{FAE04EC0-301F-11D3-BF4B-00C04F79EFBC}") = "Uno.Sdk.Manifest", "src\workload\Uno.Sdk.Manifest\Uno.Sdk.Manifest.csproj", "{1E1E98CE-EAA1-4D11-88AA-0E4675DB11EF}"
EndProject
Project("{FAE04EC0-301F-11D3-BF4B-00C04F79EFBC}") = "Uno.Templates", "src\workload\Uno.Templates\Uno.Templates.csproj", "{D4B71540-3082-4C6A-ABEA-3351E5C94EF4}"
EndProject
Project("{2150E333-8FDC-42A3-9474-1A3956D46DE8}") = "scripts", "scripts", "{68BA6447-F8B2-4423-8D59-7FD73D3E089B}"
	ProjectSection(SolutionItems) = preProject
		scripts\README.md = scripts\README.md
		scripts\workload-install.ps1 = scripts\workload-install.ps1
		scripts\workload-install.sh = scripts\workload-install.sh
	EndProjectSection
EndProject
Project("{2150E333-8FDC-42A3-9474-1A3956D46DE8}") = "tests", "tests", "{3865F61E-2E45-4D03-AB41-0008CDFE934D}"
EndProject
Project("{FAE04EC0-301F-11D3-BF4B-00C04F79EFBC}") = "Uno.Sdk.IntegrationTests", "src\tests\Uno.Sdk.IntegrationTests\Uno.Sdk.IntegrationTests.csproj", "{CC5E45ED-A87B-43E2-9E5F-D7333E496C6D}"
EndProject
Project("{FAE04EC0-301F-11D3-BF4B-00C04F79EFBC}") = "Uno.Sdk.Apps.Uno", "src\apps\Uno.Sdk.Apps.Uno\Uno.Sdk.Apps.Uno.csproj", "{988E8895-199F-4E49-99AE-3864DEC37E6E}"
EndProject
Project("{2150E333-8FDC-42A3-9474-1A3956D46DE8}") = "tasks", "tasks", "{DC1E1984-10C8-44D8-B849-5C0BEC0AF2AC}"
EndProject
Project("{FAE04EC0-301F-11D3-BF4B-00C04F79EFBC}") = "Tasks", "src\tasks\Tasks\Tasks.csproj", "{086D6BA9-7140-4945-AC80-6B8F1A25CFC8}"
EndProject
Project("{2150E333-8FDC-42A3-9474-1A3956D46DE8}") = "workflows", "workflows", "{322199BD-B13C-4D01-B225-E344C3DD25EB}"
	ProjectSection(SolutionItems) = preProject
		.github\workflows\dotnet.yml = .github\workflows\dotnet.yml
		.github\workflows\test-workload.yml = .github\workflows\test-workload.yml
		.github\workflows\pr.yml = .github\workflows\pr.yml
	EndProjectSection
EndProject
Global
	GlobalSection(SolutionConfigurationPlatforms) = preSolution
		Debug|Any CPU = Debug|Any CPU
		Release|Any CPU = Release|Any CPU
	EndGlobalSection
	GlobalSection(ProjectConfigurationPlatforms) = postSolution
		{4CEBF8A2-503C-44F3-A35F-674B42339BEF}.Debug|Any CPU.ActiveCfg = Debug|Any CPU
		{4CEBF8A2-503C-44F3-A35F-674B42339BEF}.Debug|Any CPU.Build.0 = Debug|Any CPU
		{4CEBF8A2-503C-44F3-A35F-674B42339BEF}.Release|Any CPU.ActiveCfg = Release|Any CPU
		{4CEBF8A2-503C-44F3-A35F-674B42339BEF}.Release|Any CPU.Build.0 = Release|Any CPU
		{4E1B9166-1A1A-42D5-839B-D8A71291BB1B}.Debug|Any CPU.ActiveCfg = Debug|Any CPU
		{4E1B9166-1A1A-42D5-839B-D8A71291BB1B}.Debug|Any CPU.Build.0 = Debug|Any CPU
		{4E1B9166-1A1A-42D5-839B-D8A71291BB1B}.Release|Any CPU.ActiveCfg = Release|Any CPU
		{4E1B9166-1A1A-42D5-839B-D8A71291BB1B}.Release|Any CPU.Build.0 = Release|Any CPU
		{BABE3D49-D72D-4F55-A044-464E540F534A}.Debug|Any CPU.ActiveCfg = Debug|Any CPU
		{BABE3D49-D72D-4F55-A044-464E540F534A}.Debug|Any CPU.Build.0 = Debug|Any CPU
		{BABE3D49-D72D-4F55-A044-464E540F534A}.Release|Any CPU.ActiveCfg = Release|Any CPU
		{BABE3D49-D72D-4F55-A044-464E540F534A}.Release|Any CPU.Build.0 = Release|Any CPU
		{9283AE83-D8CA-4C61-92A2-57CB06A4F975}.Debug|Any CPU.ActiveCfg = Debug|Any CPU
		{9283AE83-D8CA-4C61-92A2-57CB06A4F975}.Debug|Any CPU.Build.0 = Debug|Any CPU
		{9283AE83-D8CA-4C61-92A2-57CB06A4F975}.Release|Any CPU.ActiveCfg = Release|Any CPU
		{9283AE83-D8CA-4C61-92A2-57CB06A4F975}.Release|Any CPU.Build.0 = Release|Any CPU
		{86BCDC09-800F-43BD-AB08-0BA5A953B439}.Debug|Any CPU.ActiveCfg = Debug|Any CPU
		{86BCDC09-800F-43BD-AB08-0BA5A953B439}.Debug|Any CPU.Build.0 = Debug|Any CPU
		{86BCDC09-800F-43BD-AB08-0BA5A953B439}.Release|Any CPU.ActiveCfg = Debug|Any CPU
		{86BCDC09-800F-43BD-AB08-0BA5A953B439}.Release|Any CPU.Build.0 = Debug|Any CPU
		{05E0BCA3-AF12-4DE0-94F0-17A8CFBB7DBA}.Debug|Any CPU.ActiveCfg = Debug|x86
		{05E0BCA3-AF12-4DE0-94F0-17A8CFBB7DBA}.Debug|Any CPU.Build.0 = Debug|x86
		{05E0BCA3-AF12-4DE0-94F0-17A8CFBB7DBA}.Release|Any CPU.ActiveCfg = Release|x86
		{05E0BCA3-AF12-4DE0-94F0-17A8CFBB7DBA}.Release|Any CPU.Build.0 = Release|x86
		{308C3CAD-4893-41F6-8137-C7EFC1913ADB}.Debug|Any CPU.ActiveCfg = Debug|Any CPU
		{308C3CAD-4893-41F6-8137-C7EFC1913ADB}.Debug|Any CPU.Build.0 = Debug|Any CPU
		{308C3CAD-4893-41F6-8137-C7EFC1913ADB}.Release|Any CPU.ActiveCfg = Release|Any CPU
		{308C3CAD-4893-41F6-8137-C7EFC1913ADB}.Release|Any CPU.Build.0 = Release|Any CPU
		{1E1E98CE-EAA1-4D11-88AA-0E4675DB11EF}.Debug|Any CPU.ActiveCfg = Debug|Any CPU
		{1E1E98CE-EAA1-4D11-88AA-0E4675DB11EF}.Debug|Any CPU.Build.0 = Debug|Any CPU
		{1E1E98CE-EAA1-4D11-88AA-0E4675DB11EF}.Release|Any CPU.ActiveCfg = Release|Any CPU
		{1E1E98CE-EAA1-4D11-88AA-0E4675DB11EF}.Release|Any CPU.Build.0 = Release|Any CPU
		{D4B71540-3082-4C6A-ABEA-3351E5C94EF4}.Debug|Any CPU.ActiveCfg = Debug|Any CPU
		{D4B71540-3082-4C6A-ABEA-3351E5C94EF4}.Debug|Any CPU.Build.0 = Debug|Any CPU
		{D4B71540-3082-4C6A-ABEA-3351E5C94EF4}.Release|Any CPU.ActiveCfg = Release|Any CPU
		{D4B71540-3082-4C6A-ABEA-3351E5C94EF4}.Release|Any CPU.Build.0 = Release|Any CPU
		{CC5E45ED-A87B-43E2-9E5F-D7333E496C6D}.Debug|Any CPU.ActiveCfg = Debug|Any CPU
		{CC5E45ED-A87B-43E2-9E5F-D7333E496C6D}.Debug|Any CPU.Build.0 = Debug|Any CPU
		{CC5E45ED-A87B-43E2-9E5F-D7333E496C6D}.Release|Any CPU.ActiveCfg = Release|Any CPU
		{CC5E45ED-A87B-43E2-9E5F-D7333E496C6D}.Release|Any CPU.Build.0 = Release|Any CPU
		{988E8895-199F-4E49-99AE-3864DEC37E6E}.Debug|Any CPU.ActiveCfg = Debug|Any CPU
		{988E8895-199F-4E49-99AE-3864DEC37E6E}.Debug|Any CPU.Build.0 = Debug|Any CPU
		{988E8895-199F-4E49-99AE-3864DEC37E6E}.Release|Any CPU.ActiveCfg = Release|Any CPU
		{988E8895-199F-4E49-99AE-3864DEC37E6E}.Release|Any CPU.Build.0 = Release|Any CPU
		{086D6BA9-7140-4945-AC80-6B8F1A25CFC8}.Debug|Any CPU.ActiveCfg = Debug|Any CPU
		{086D6BA9-7140-4945-AC80-6B8F1A25CFC8}.Debug|Any CPU.Build.0 = Debug|Any CPU
		{086D6BA9-7140-4945-AC80-6B8F1A25CFC8}.Release|Any CPU.ActiveCfg = Release|Any CPU
		{086D6BA9-7140-4945-AC80-6B8F1A25CFC8}.Release|Any CPU.Build.0 = Release|Any CPU
	EndGlobalSection
	GlobalSection(SolutionProperties) = preSolution
		HideSolutionNode = FALSE
	EndGlobalSection
	GlobalSection(NestedProjects) = preSolution
		{FB6D21B5-DD1D-49EC-92C6-1935008579DA} = {4CA75328-5D8C-46F5-9B4C-E84A50145139}
		{4CEBF8A2-503C-44F3-A35F-674B42339BEF} = {FB6D21B5-DD1D-49EC-92C6-1935008579DA}
		{4E1B9166-1A1A-42D5-839B-D8A71291BB1B} = {FB6D21B5-DD1D-49EC-92C6-1935008579DA}
		{BABE3D49-D72D-4F55-A044-464E540F534A} = {FB6D21B5-DD1D-49EC-92C6-1935008579DA}
		{9283AE83-D8CA-4C61-92A2-57CB06A4F975} = {FB6D21B5-DD1D-49EC-92C6-1935008579DA}
		{86BCDC09-800F-43BD-AB08-0BA5A953B439} = {FB6D21B5-DD1D-49EC-92C6-1935008579DA}
		{05E0BCA3-AF12-4DE0-94F0-17A8CFBB7DBA} = {4CA75328-5D8C-46F5-9B4C-E84A50145139}
		{308C3CAD-4893-41F6-8137-C7EFC1913ADB} = {7CC47D4D-B930-4B3F-8164-16E743B7C64C}
		{1E1E98CE-EAA1-4D11-88AA-0E4675DB11EF} = {7CC47D4D-B930-4B3F-8164-16E743B7C64C}
		{D4B71540-3082-4C6A-ABEA-3351E5C94EF4} = {7CC47D4D-B930-4B3F-8164-16E743B7C64C}
		{CC5E45ED-A87B-43E2-9E5F-D7333E496C6D} = {3865F61E-2E45-4D03-AB41-0008CDFE934D}
		{988E8895-199F-4E49-99AE-3864DEC37E6E} = {4CA75328-5D8C-46F5-9B4C-E84A50145139}
		{086D6BA9-7140-4945-AC80-6B8F1A25CFC8} = {DC1E1984-10C8-44D8-B849-5C0BEC0AF2AC}
		{322199BD-B13C-4D01-B225-E344C3DD25EB} = {E793AF18-4371-4EBD-96FC-195EB1798855}
	EndGlobalSection
	GlobalSection(ExtensibilityGlobals) = postSolution
		SolutionGuid = {CED9A020-DBA5-4BE6-8096-75E528648EC1}
	EndGlobalSection
EndGlobal
