Microsoft Visual Studio Solution File, Format Version 12.00
# Visual Studio Version 17
VisualStudioVersion = 17.2.32210.308
MinimumVisualStudioVersion = 15.0.26124.0

Project("{2150E333-8FDC-42A3-9474-1A3956D46DE8}") = "Source", "Source", "{3A19240C-5446-4ED9-B83F-0F4CC78C5DAF}"
EndProject
Project("{2150E333-8FDC-42A3-9474-1A3956D46DE8}") = "Platforms", "Platforms", "{47F8C0DC-A31B-4B0E-AC15-5B33E0022275}"
EndProject
Project("{2150E333-8FDC-42A3-9474-1A3956D46DE8}") = "Backend", "Backend", "{729AC35A-243C-4B31-B4E3-3CD9D3753B0D}"
EndProject

Project("{9A19103F-16F7-4668-BE54-9A1E7A4F7556}") = "old", "old\old.csproj", "{5D801000-67E4-46B8-BE67-AA80A84F9A2F}"
EndProject
Project("{9A19103F-16F7-4668-BE54-9A1E7A4F7556}") = "old.Base", "old.Base\old.Base.csproj", "{2189102C-8698-4760-A2C5-ADED686F84E2}"
EndProject
Project("{9A19103F-16F7-4668-BE54-9A1E7A4F7556}") = "old.Mobile", "old.Mobile\old.Mobile.csproj", "{2E59AE91-9280-443F-8513-57114C8AB077}"
EndProject
Project("{9A19103F-16F7-4668-BE54-9A1E7A4F7556}") = "old.Wasm", "old.Wasm\old.Wasm.csproj", "{629F2A6B-5F06-4F53-A1D8-C9F46C632823}"
EndProject
Project("{9A19103F-16F7-4668-BE54-9A1E7A4F7556}") = "old.Skia.Gtk", "old.Skia.Gtk\old.Skia.Gtk.csproj", "{44B3431A-69BF-4585-80FB-24CA5C43C5AE}"
EndProject
Project("{9A19103F-16F7-4668-BE54-9A1E7A4F7556}") = "old.Skia.WPF", "old.Skia.WPF\old.Skia.WPF.csproj", "{8229AD76-138D-4CB3-949F-C643B73ACF82}"
EndProject
Project("{9A19103F-16F7-4668-BE54-9A1E7A4F7556}") = "old.Windows", "old.Windows\old.Windows.csproj", "{AEF80105-FB6D-4886-A709-297AE90FC989}"
EndProject
Project("{9A19103F-16F7-4668-BE54-9A1E7A4F7556}") = "old.Skia.Linux.FrameBuffer", "old.Skia.Linux.FrameBuffer\old.Skia.Linux.FrameBuffer.csproj", "{6322510D-09F8-4152-85CB-2EC4BF63E1A6}"
EndProject
Project("{9A19103F-16F7-4668-BE54-9A1E7A4F7556}") = "old.Server", "old.Server\old.Server.csproj", "{56B91C9C-6E92-4ED0-AC4C-DDE0B67A63D7}"
EndProject

Project("{2150E333-8FDC-42A3-9474-1A3956D46DE8}") = "Solution Items", "Solution Items", "{BADA71DC-7FFD-4EDC-9F28-FB74AEADC713}"
	ProjectSection(SolutionItems) = preProject
		.gitignore = .gitignore
		Directory.Build.props = Directory.Build.props
		Directory.Build.targets = Directory.Build.targets
		solution-config.props.sample = solution-config.props.sample
		Directory.Packages.props = Directory.Packages.props
	EndProjectSection
EndProject
Global
	GlobalSection(SolutionConfigurationPlatforms) = preSolution
		Debug|Any CPU = Debug|Any CPU
		Debug|ARM = Debug|ARM
		Debug|ARM64 = Debug|ARM64
		Debug|iPhone = Debug|iPhone
		Debug|iPhoneSimulator = Debug|iPhoneSimulator
		Debug|x64 = Debug|x64
		Debug|x86 = Debug|x86
		Release|Any CPU = Release|Any CPU
		Release|ARM = Release|ARM
		Release|ARM64 = Release|ARM64
		Release|iPhone = Release|iPhone
		Release|iPhoneSimulator = Release|iPhoneSimulator
		Release|x64 = Release|x64
		Release|x86 = Release|x86
	EndGlobalSection
	GlobalSection(ProjectConfigurationPlatforms) = postSolution
		{2E59AE91-9280-443F-8513-57114C8AB077}.Debug|Any CPU.ActiveCfg = Debug|Any CPU
		{2E59AE91-9280-443F-8513-57114C8AB077}.Debug|Any CPU.Build.0 = Debug|Any CPU
		{2E59AE91-9280-443F-8513-57114C8AB077}.Debug|Any CPU.Deploy.0 = Debug|Any CPU
		{2E59AE91-9280-443F-8513-57114C8AB077}.Debug|ARM.ActiveCfg = Debug|Any CPU
		{2E59AE91-9280-443F-8513-57114C8AB077}.Debug|ARM.Build.0 = Debug|Any CPU
		{2E59AE91-9280-443F-8513-57114C8AB077}.Debug|ARM.Deploy.0 = Debug|Any CPU
		{2E59AE91-9280-443F-8513-57114C8AB077}.Debug|ARM64.ActiveCfg = Debug|Any CPU
		{2E59AE91-9280-443F-8513-57114C8AB077}.Debug|ARM64.Build.0 = Debug|Any CPU
		{2E59AE91-9280-443F-8513-57114C8AB077}.Debug|ARM64.Deploy.0 = Debug|Any CPU
		{2E59AE91-9280-443F-8513-57114C8AB077}.Debug|iPhone.ActiveCfg = Debug|Any CPU
		{2E59AE91-9280-443F-8513-57114C8AB077}.Debug|iPhone.Build.0 = Debug|Any CPU
		{2E59AE91-9280-443F-8513-57114C8AB077}.Debug|iPhone.Deploy.0 = Debug|Any CPU
		{2E59AE91-9280-443F-8513-57114C8AB077}.Debug|iPhoneSimulator.ActiveCfg = Debug|Any CPU
		{2E59AE91-9280-443F-8513-57114C8AB077}.Debug|iPhoneSimulator.Build.0 = Debug|Any CPU
		{2E59AE91-9280-443F-8513-57114C8AB077}.Debug|iPhoneSimulator.Deploy.0 = Debug|Any CPU
		{2E59AE91-9280-443F-8513-57114C8AB077}.Debug|x64.ActiveCfg = Debug|Any CPU
		{2E59AE91-9280-443F-8513-57114C8AB077}.Debug|x64.Build.0 = Debug|Any CPU
		{2E59AE91-9280-443F-8513-57114C8AB077}.Debug|x64.Deploy.0 = Debug|Any CPU
		{2E59AE91-9280-443F-8513-57114C8AB077}.Debug|x86.ActiveCfg = Debug|Any CPU
		{2E59AE91-9280-443F-8513-57114C8AB077}.Debug|x86.Build.0 = Debug|Any CPU
		{2E59AE91-9280-443F-8513-57114C8AB077}.Debug|x86.Deploy.0 = Debug|Any CPU
		{2E59AE91-9280-443F-8513-57114C8AB077}.Release|Any CPU.ActiveCfg = Release|Any CPU
		{2E59AE91-9280-443F-8513-57114C8AB077}.Release|Any CPU.Build.0 = Release|Any CPU
		{2E59AE91-9280-443F-8513-57114C8AB077}.Release|Any CPU.Deploy.0 = Release|Any CPU
		{2E59AE91-9280-443F-8513-57114C8AB077}.Release|ARM.ActiveCfg = Release|Any CPU
		{2E59AE91-9280-443F-8513-57114C8AB077}.Release|ARM.Build.0 = Release|Any CPU
		{2E59AE91-9280-443F-8513-57114C8AB077}.Release|ARM.Deploy.0 = Release|Any CPU
		{2E59AE91-9280-443F-8513-57114C8AB077}.Release|ARM64.ActiveCfg = Release|Any CPU
		{2E59AE91-9280-443F-8513-57114C8AB077}.Release|ARM64.Build.0 = Release|Any CPU
		{2E59AE91-9280-443F-8513-57114C8AB077}.Release|ARM64.Deploy.0 = Release|Any CPU
		{2E59AE91-9280-443F-8513-57114C8AB077}.Release|iPhone.ActiveCfg = Release|Any CPU
		{2E59AE91-9280-443F-8513-57114C8AB077}.Release|iPhone.Build.0 = Release|Any CPU
		{2E59AE91-9280-443F-8513-57114C8AB077}.Release|iPhone.Deploy.0 = Release|Any CPU
		{2E59AE91-9280-443F-8513-57114C8AB077}.Release|iPhoneSimulator.ActiveCfg = Release|Any CPU
		{2E59AE91-9280-443F-8513-57114C8AB077}.Release|iPhoneSimulator.Build.0 = Release|Any CPU
		{2E59AE91-9280-443F-8513-57114C8AB077}.Release|iPhoneSimulator.Deploy.0 = Release|Any CPU
		{2E59AE91-9280-443F-8513-57114C8AB077}.Release|x64.ActiveCfg = Release|Any CPU
		{2E59AE91-9280-443F-8513-57114C8AB077}.Release|x64.Build.0 = Release|Any CPU
		{2E59AE91-9280-443F-8513-57114C8AB077}.Release|x64.Deploy.0 = Release|Any CPU
		{2E59AE91-9280-443F-8513-57114C8AB077}.Release|x86.ActiveCfg = Release|Any CPU
		{2E59AE91-9280-443F-8513-57114C8AB077}.Release|x86.Build.0 = Release|Any CPU
		{2E59AE91-9280-443F-8513-57114C8AB077}.Release|x86.Deploy.0 = Release|Any CPU
		{629F2A6B-5F06-4F53-A1D8-C9F46C632823}.Debug|Any CPU.ActiveCfg = Debug|Any CPU
		{629F2A6B-5F06-4F53-A1D8-C9F46C632823}.Debug|Any CPU.Build.0 = Debug|Any CPU
		{629F2A6B-5F06-4F53-A1D8-C9F46C632823}.Debug|ARM.ActiveCfg = Debug|Any CPU
		{629F2A6B-5F06-4F53-A1D8-C9F46C632823}.Debug|ARM.Build.0 = Debug|Any CPU
		{629F2A6B-5F06-4F53-A1D8-C9F46C632823}.Debug|ARM64.ActiveCfg = Debug|Any CPU
		{629F2A6B-5F06-4F53-A1D8-C9F46C632823}.Debug|ARM64.Build.0 = Debug|Any CPU
		{629F2A6B-5F06-4F53-A1D8-C9F46C632823}.Debug|iPhone.ActiveCfg = Debug|Any CPU
		{629F2A6B-5F06-4F53-A1D8-C9F46C632823}.Debug|iPhone.Build.0 = Debug|Any CPU
		{629F2A6B-5F06-4F53-A1D8-C9F46C632823}.Debug|iPhoneSimulator.ActiveCfg = Debug|Any CPU
		{629F2A6B-5F06-4F53-A1D8-C9F46C632823}.Debug|iPhoneSimulator.Build.0 = Debug|Any CPU
		{629F2A6B-5F06-4F53-A1D8-C9F46C632823}.Debug|x64.ActiveCfg = Debug|Any CPU
		{629F2A6B-5F06-4F53-A1D8-C9F46C632823}.Debug|x64.Build.0 = Debug|Any CPU
		{629F2A6B-5F06-4F53-A1D8-C9F46C632823}.Debug|x86.ActiveCfg = Debug|Any CPU
		{629F2A6B-5F06-4F53-A1D8-C9F46C632823}.Debug|x86.Build.0 = Debug|Any CPU
		{629F2A6B-5F06-4F53-A1D8-C9F46C632823}.Release|Any CPU.ActiveCfg = Release|Any CPU
		{629F2A6B-5F06-4F53-A1D8-C9F46C632823}.Release|Any CPU.Build.0 = Release|Any CPU
		{629F2A6B-5F06-4F53-A1D8-C9F46C632823}.Release|ARM.ActiveCfg = Release|Any CPU
		{629F2A6B-5F06-4F53-A1D8-C9F46C632823}.Release|ARM.Build.0 = Release|Any CPU
		{629F2A6B-5F06-4F53-A1D8-C9F46C632823}.Release|ARM64.ActiveCfg = Release|Any CPU
		{629F2A6B-5F06-4F53-A1D8-C9F46C632823}.Release|ARM64.Build.0 = Release|Any CPU
		{629F2A6B-5F06-4F53-A1D8-C9F46C632823}.Release|iPhone.ActiveCfg = Release|Any CPU
		{629F2A6B-5F06-4F53-A1D8-C9F46C632823}.Release|iPhone.Build.0 = Release|Any CPU
		{629F2A6B-5F06-4F53-A1D8-C9F46C632823}.Release|iPhoneSimulator.ActiveCfg = Release|Any CPU
		{629F2A6B-5F06-4F53-A1D8-C9F46C632823}.Release|iPhoneSimulator.Build.0 = Release|Any CPU
		{629F2A6B-5F06-4F53-A1D8-C9F46C632823}.Release|x64.ActiveCfg = Release|Any CPU
		{629F2A6B-5F06-4F53-A1D8-C9F46C632823}.Release|x64.Build.0 = Release|Any CPU
		{629F2A6B-5F06-4F53-A1D8-C9F46C632823}.Release|x86.ActiveCfg = Release|Any CPU
		{629F2A6B-5F06-4F53-A1D8-C9F46C632823}.Release|x86.Build.0 = Release|Any CPU
		{44B3431A-69BF-4585-80FB-24CA5C43C5AE}.Debug|Any CPU.ActiveCfg = Debug|Any CPU
		{44B3431A-69BF-4585-80FB-24CA5C43C5AE}.Debug|Any CPU.Build.0 = Debug|Any CPU
		{44B3431A-69BF-4585-80FB-24CA5C43C5AE}.Debug|ARM.ActiveCfg = Debug|Any CPU
		{44B3431A-69BF-4585-80FB-24CA5C43C5AE}.Debug|ARM.Build.0 = Debug|Any CPU
		{44B3431A-69BF-4585-80FB-24CA5C43C5AE}.Debug|ARM64.ActiveCfg = Debug|Any CPU
		{44B3431A-69BF-4585-80FB-24CA5C43C5AE}.Debug|ARM64.Build.0 = Debug|Any CPU
		{44B3431A-69BF-4585-80FB-24CA5C43C5AE}.Debug|iPhone.ActiveCfg = Debug|Any CPU
		{44B3431A-69BF-4585-80FB-24CA5C43C5AE}.Debug|iPhone.Build.0 = Debug|Any CPU
		{44B3431A-69BF-4585-80FB-24CA5C43C5AE}.Debug|iPhoneSimulator.ActiveCfg = Debug|Any CPU
		{44B3431A-69BF-4585-80FB-24CA5C43C5AE}.Debug|iPhoneSimulator.Build.0 = Debug|Any CPU
		{44B3431A-69BF-4585-80FB-24CA5C43C5AE}.Debug|x64.ActiveCfg = Debug|Any CPU
		{44B3431A-69BF-4585-80FB-24CA5C43C5AE}.Debug|x64.Build.0 = Debug|Any CPU
		{44B3431A-69BF-4585-80FB-24CA5C43C5AE}.Debug|x86.ActiveCfg = Debug|Any CPU
		{44B3431A-69BF-4585-80FB-24CA5C43C5AE}.Debug|x86.Build.0 = Debug|Any CPU
		{44B3431A-69BF-4585-80FB-24CA5C43C5AE}.Release|Any CPU.ActiveCfg = Release|Any CPU
		{44B3431A-69BF-4585-80FB-24CA5C43C5AE}.Release|Any CPU.Build.0 = Release|Any CPU
		{44B3431A-69BF-4585-80FB-24CA5C43C5AE}.Release|ARM.ActiveCfg = Release|Any CPU
		{44B3431A-69BF-4585-80FB-24CA5C43C5AE}.Release|ARM.Build.0 = Release|Any CPU
		{44B3431A-69BF-4585-80FB-24CA5C43C5AE}.Release|ARM64.ActiveCfg = Release|Any CPU
		{44B3431A-69BF-4585-80FB-24CA5C43C5AE}.Release|ARM64.Build.0 = Release|Any CPU
		{44B3431A-69BF-4585-80FB-24CA5C43C5AE}.Release|iPhone.ActiveCfg = Release|Any CPU
		{44B3431A-69BF-4585-80FB-24CA5C43C5AE}.Release|iPhone.Build.0 = Release|Any CPU
		{44B3431A-69BF-4585-80FB-24CA5C43C5AE}.Release|iPhoneSimulator.ActiveCfg = Release|Any CPU
		{44B3431A-69BF-4585-80FB-24CA5C43C5AE}.Release|iPhoneSimulator.Build.0 = Release|Any CPU
		{44B3431A-69BF-4585-80FB-24CA5C43C5AE}.Release|x64.ActiveCfg = Release|Any CPU
		{44B3431A-69BF-4585-80FB-24CA5C43C5AE}.Release|x64.Build.0 = Release|Any CPU
		{44B3431A-69BF-4585-80FB-24CA5C43C5AE}.Release|x86.ActiveCfg = Release|Any CPU
		{44B3431A-69BF-4585-80FB-24CA5C43C5AE}.Release|x86.Build.0 = Release|Any CPU
		{8229AD76-138D-4CB3-949F-C643B73ACF82}.Debug|Any CPU.ActiveCfg = Debug|Any CPU
		{8229AD76-138D-4CB3-949F-C643B73ACF82}.Debug|Any CPU.Build.0 = Debug|Any CPU
		{8229AD76-138D-4CB3-949F-C643B73ACF82}.Debug|Any CPU.Deploy.0 = Debug|Any CPU
		{8229AD76-138D-4CB3-949F-C643B73ACF82}.Debug|ARM.ActiveCfg = Debug|Any CPU
		{8229AD76-138D-4CB3-949F-C643B73ACF82}.Debug|ARM.Build.0 = Debug|Any CPU
		{8229AD76-138D-4CB3-949F-C643B73ACF82}.Debug|ARM.Deploy.0 = Debug|Any CPU
		{8229AD76-138D-4CB3-949F-C643B73ACF82}.Debug|ARM64.ActiveCfg = Debug|Any CPU
		{8229AD76-138D-4CB3-949F-C643B73ACF82}.Debug|ARM64.Build.0 = Debug|Any CPU
		{8229AD76-138D-4CB3-949F-C643B73ACF82}.Debug|ARM64.Deploy.0 = Debug|Any CPU
		{8229AD76-138D-4CB3-949F-C643B73ACF82}.Debug|iPhone.ActiveCfg = Debug|Any CPU
		{8229AD76-138D-4CB3-949F-C643B73ACF82}.Debug|iPhone.Build.0 = Debug|Any CPU
		{8229AD76-138D-4CB3-949F-C643B73ACF82}.Debug|iPhone.Deploy.0 = Debug|Any CPU
		{8229AD76-138D-4CB3-949F-C643B73ACF82}.Debug|iPhoneSimulator.ActiveCfg = Debug|Any CPU
		{8229AD76-138D-4CB3-949F-C643B73ACF82}.Debug|iPhoneSimulator.Build.0 = Debug|Any CPU
		{8229AD76-138D-4CB3-949F-C643B73ACF82}.Debug|iPhoneSimulator.Deploy.0 = Debug|Any CPU
		{8229AD76-138D-4CB3-949F-C643B73ACF82}.Debug|x64.ActiveCfg = Debug|Any CPU
		{8229AD76-138D-4CB3-949F-C643B73ACF82}.Debug|x64.Build.0 = Debug|Any CPU
		{8229AD76-138D-4CB3-949F-C643B73ACF82}.Debug|x64.Deploy.0 = Debug|Any CPU
		{8229AD76-138D-4CB3-949F-C643B73ACF82}.Debug|x86.ActiveCfg = Debug|Any CPU
		{8229AD76-138D-4CB3-949F-C643B73ACF82}.Debug|x86.Build.0 = Debug|Any CPU
		{8229AD76-138D-4CB3-949F-C643B73ACF82}.Debug|x86.Deploy.0 = Debug|Any CPU
		{8229AD76-138D-4CB3-949F-C643B73ACF82}.Release|Any CPU.ActiveCfg = Release|Any CPU
		{8229AD76-138D-4CB3-949F-C643B73ACF82}.Release|ARM.ActiveCfg = Release|Any CPU
		{8229AD76-138D-4CB3-949F-C643B73ACF82}.Release|ARM.Build.0 = Release|Any CPU
		{8229AD76-138D-4CB3-949F-C643B73ACF82}.Release|ARM.Deploy.0 = Release|Any CPU
		{8229AD76-138D-4CB3-949F-C643B73ACF82}.Release|ARM64.ActiveCfg = Release|Any CPU
		{8229AD76-138D-4CB3-949F-C643B73ACF82}.Release|ARM64.Build.0 = Release|Any CPU
		{8229AD76-138D-4CB3-949F-C643B73ACF82}.Release|ARM64.Deploy.0 = Release|Any CPU
		{8229AD76-138D-4CB3-949F-C643B73ACF82}.Release|iPhone.ActiveCfg = Release|Any CPU
		{8229AD76-138D-4CB3-949F-C643B73ACF82}.Release|iPhone.Build.0 = Release|Any CPU
		{8229AD76-138D-4CB3-949F-C643B73ACF82}.Release|iPhoneSimulator.ActiveCfg = Release|Any CPU
		{8229AD76-138D-4CB3-949F-C643B73ACF82}.Release|iPhoneSimulator.Build.0 = Release|Any CPU
		{8229AD76-138D-4CB3-949F-C643B73ACF82}.Release|iPhoneSimulator.Deploy.0 = Release|Any CPU
		{8229AD76-138D-4CB3-949F-C643B73ACF82}.Release|x64.ActiveCfg = Release|Any CPU
		{8229AD76-138D-4CB3-949F-C643B73ACF82}.Release|x64.Build.0 = Release|Any CPU
		{8229AD76-138D-4CB3-949F-C643B73ACF82}.Release|x64.Deploy.0 = Release|Any CPU
		{8229AD76-138D-4CB3-949F-C643B73ACF82}.Release|x86.ActiveCfg = Release|Any CPU
		{8229AD76-138D-4CB3-949F-C643B73ACF82}.Release|x86.Build.0 = Release|Any CPU
		{8229AD76-138D-4CB3-949F-C643B73ACF82}.Release|x86.Deploy.0 = Release|Any CPU
		{56B91C9C-6E92-4ED0-AC4C-DDE0B67A63D7}.Debug|Any CPU.ActiveCfg = Debug|Any CPU
		{56B91C9C-6E92-4ED0-AC4C-DDE0B67A63D7}.Debug|Any CPU.Build.0 = Debug|Any CPU
		{56B91C9C-6E92-4ED0-AC4C-DDE0B67A63D7}.Debug|ARM.ActiveCfg = Debug|Any CPU
		{56B91C9C-6E92-4ED0-AC4C-DDE0B67A63D7}.Debug|ARM.Build.0 = Debug|Any CPU
		{56B91C9C-6E92-4ED0-AC4C-DDE0B67A63D7}.Debug|ARM64.ActiveCfg = Debug|Any CPU
		{56B91C9C-6E92-4ED0-AC4C-DDE0B67A63D7}.Debug|ARM64.Build.0 = Debug|Any CPU
		{56B91C9C-6E92-4ED0-AC4C-DDE0B67A63D7}.Debug|iPhone.ActiveCfg = Debug|Any CPU
		{56B91C9C-6E92-4ED0-AC4C-DDE0B67A63D7}.Debug|iPhone.Build.0 = Debug|Any CPU
		{56B91C9C-6E92-4ED0-AC4C-DDE0B67A63D7}.Debug|iPhoneSimulator.ActiveCfg = Debug|Any CPU
		{56B91C9C-6E92-4ED0-AC4C-DDE0B67A63D7}.Debug|iPhoneSimulator.Build.0 = Debug|Any CPU
		{56B91C9C-6E92-4ED0-AC4C-DDE0B67A63D7}.Debug|x64.ActiveCfg = Debug|Any CPU
		{56B91C9C-6E92-4ED0-AC4C-DDE0B67A63D7}.Debug|x64.Build.0 = Debug|Any CPU
		{56B91C9C-6E92-4ED0-AC4C-DDE0B67A63D7}.Debug|x86.ActiveCfg = Debug|Any CPU
		{56B91C9C-6E92-4ED0-AC4C-DDE0B67A63D7}.Debug|x86.Build.0 = Debug|Any CPU
		{56B91C9C-6E92-4ED0-AC4C-DDE0B67A63D7}.Release|Any CPU.ActiveCfg = Release|Any CPU
		{56B91C9C-6E92-4ED0-AC4C-DDE0B67A63D7}.Release|Any CPU.Build.0 = Release|Any CPU
		{56B91C9C-6E92-4ED0-AC4C-DDE0B67A63D7}.Release|ARM.ActiveCfg = Release|Any CPU
		{56B91C9C-6E92-4ED0-AC4C-DDE0B67A63D7}.Release|ARM.Build.0 = Release|Any CPU
		{56B91C9C-6E92-4ED0-AC4C-DDE0B67A63D7}.Release|ARM64.ActiveCfg = Release|Any CPU
		{56B91C9C-6E92-4ED0-AC4C-DDE0B67A63D7}.Release|ARM64.Build.0 = Release|Any CPU
		{56B91C9C-6E92-4ED0-AC4C-DDE0B67A63D7}.Release|iPhone.ActiveCfg = Release|Any CPU
		{56B91C9C-6E92-4ED0-AC4C-DDE0B67A63D7}.Release|iPhone.Build.0 = Release|Any CPU
		{56B91C9C-6E92-4ED0-AC4C-DDE0B67A63D7}.Release|iPhoneSimulator.ActiveCfg = Release|Any CPU
		{56B91C9C-6E92-4ED0-AC4C-DDE0B67A63D7}.Release|iPhoneSimulator.Build.0 = Release|Any CPU
		{56B91C9C-6E92-4ED0-AC4C-DDE0B67A63D7}.Release|x64.ActiveCfg = Release|Any CPU
		{56B91C9C-6E92-4ED0-AC4C-DDE0B67A63D7}.Release|x64.Build.0 = Release|Any CPU
		{56B91C9C-6E92-4ED0-AC4C-DDE0B67A63D7}.Release|x86.ActiveCfg = Release|Any CPU
		{56B91C9C-6E92-4ED0-AC4C-DDE0B67A63D7}.Release|x86.Build.0 = Release|Any CPU
		{5D801000-67E4-46B8-BE67-AA80A84F9A2F}.Debug|Any CPU.ActiveCfg = Debug|Any CPU
		{5D801000-67E4-46B8-BE67-AA80A84F9A2F}.Debug|Any CPU.Build.0 = Debug|Any CPU
		{5D801000-67E4-46B8-BE67-AA80A84F9A2F}.Debug|ARM.ActiveCfg = Debug|Any CPU
		{5D801000-67E4-46B8-BE67-AA80A84F9A2F}.Debug|ARM.Build.0 = Debug|Any CPU
		{5D801000-67E4-46B8-BE67-AA80A84F9A2F}.Debug|ARM64.ActiveCfg = Debug|Any CPU
		{5D801000-67E4-46B8-BE67-AA80A84F9A2F}.Debug|ARM64.Build.0 = Debug|Any CPU
		{5D801000-67E4-46B8-BE67-AA80A84F9A2F}.Debug|iPhone.ActiveCfg = Debug|Any CPU
		{5D801000-67E4-46B8-BE67-AA80A84F9A2F}.Debug|iPhone.Build.0 = Debug|Any CPU
		{5D801000-67E4-46B8-BE67-AA80A84F9A2F}.Debug|iPhoneSimulator.ActiveCfg = Debug|Any CPU
		{5D801000-67E4-46B8-BE67-AA80A84F9A2F}.Debug|iPhoneSimulator.Build.0 = Debug|Any CPU
		{5D801000-67E4-46B8-BE67-AA80A84F9A2F}.Debug|x64.ActiveCfg = Debug|Any CPU
		{5D801000-67E4-46B8-BE67-AA80A84F9A2F}.Debug|x64.Build.0 = Debug|Any CPU
		{5D801000-67E4-46B8-BE67-AA80A84F9A2F}.Debug|x86.ActiveCfg = Debug|Any CPU
		{5D801000-67E4-46B8-BE67-AA80A84F9A2F}.Debug|x86.Build.0 = Debug|Any CPU
		{5D801000-67E4-46B8-BE67-AA80A84F9A2F}.Release|Any CPU.ActiveCfg = Release|Any CPU
		{5D801000-67E4-46B8-BE67-AA80A84F9A2F}.Release|Any CPU.Build.0 = Release|Any CPU
		{5D801000-67E4-46B8-BE67-AA80A84F9A2F}.Release|ARM.ActiveCfg = Release|Any CPU
		{5D801000-67E4-46B8-BE67-AA80A84F9A2F}.Release|ARM.Build.0 = Release|Any CPU
		{5D801000-67E4-46B8-BE67-AA80A84F9A2F}.Release|ARM64.ActiveCfg = Release|Any CPU
		{5D801000-67E4-46B8-BE67-AA80A84F9A2F}.Release|ARM64.Build.0 = Release|Any CPU
		{5D801000-67E4-46B8-BE67-AA80A84F9A2F}.Release|iPhone.ActiveCfg = Release|Any CPU
		{5D801000-67E4-46B8-BE67-AA80A84F9A2F}.Release|iPhone.Build.0 = Release|Any CPU
		{5D801000-67E4-46B8-BE67-AA80A84F9A2F}.Release|iPhoneSimulator.ActiveCfg = Release|Any CPU
		{5D801000-67E4-46B8-BE67-AA80A84F9A2F}.Release|iPhoneSimulator.Build.0 = Release|Any CPU
		{5D801000-67E4-46B8-BE67-AA80A84F9A2F}.Release|x64.ActiveCfg = Release|Any CPU
		{5D801000-67E4-46B8-BE67-AA80A84F9A2F}.Release|x64.Build.0 = Release|Any CPU
		{5D801000-67E4-46B8-BE67-AA80A84F9A2F}.Release|x86.ActiveCfg = Release|Any CPU
		{5D801000-67E4-46B8-BE67-AA80A84F9A2F}.Release|x86.Build.0 = Release|Any CPU
		{AEF80105-FB6D-4886-A709-297AE90FC989}.Debug|Any CPU.ActiveCfg = Debug|x64
		{AEF80105-FB6D-4886-A709-297AE90FC989}.Debug|Any CPU.Build.0 = Debug|x64
		{AEF80105-FB6D-4886-A709-297AE90FC989}.Debug|Any CPU.Deploy.0 = Debug|x64
		{AEF80105-FB6D-4886-A709-297AE90FC989}.Debug|ARM.ActiveCfg = Debug|x64
		{AEF80105-FB6D-4886-A709-297AE90FC989}.Debug|ARM.Build.0 = Debug|x64
		{AEF80105-FB6D-4886-A709-297AE90FC989}.Debug|ARM.Deploy.0 = Debug|x64
		{AEF80105-FB6D-4886-A709-297AE90FC989}.Debug|ARM64.ActiveCfg = Debug|arm64
		{AEF80105-FB6D-4886-A709-297AE90FC989}.Debug|ARM64.Build.0 = Debug|arm64
		{AEF80105-FB6D-4886-A709-297AE90FC989}.Debug|ARM64.Deploy.0 = Debug|arm64
		{AEF80105-FB6D-4886-A709-297AE90FC989}.Debug|iPhone.ActiveCfg = Debug|x64
		{AEF80105-FB6D-4886-A709-297AE90FC989}.Debug|iPhone.Build.0 = Debug|x64
		{AEF80105-FB6D-4886-A709-297AE90FC989}.Debug|iPhone.Deploy.0 = Debug|x64
		{AEF80105-FB6D-4886-A709-297AE90FC989}.Debug|iPhoneSimulator.ActiveCfg = Debug|x64
		{AEF80105-FB6D-4886-A709-297AE90FC989}.Debug|iPhoneSimulator.Build.0 = Debug|x64
		{AEF80105-FB6D-4886-A709-297AE90FC989}.Debug|iPhoneSimulator.Deploy.0 = Debug|x64
		{AEF80105-FB6D-4886-A709-297AE90FC989}.Debug|x64.ActiveCfg = Debug|x64
		{AEF80105-FB6D-4886-A709-297AE90FC989}.Debug|x64.Build.0 = Debug|x64
		{AEF80105-FB6D-4886-A709-297AE90FC989}.Debug|x86.ActiveCfg = Debug|x86
		{AEF80105-FB6D-4886-A709-297AE90FC989}.Debug|x86.Build.0 = Debug|x86
		{AEF80105-FB6D-4886-A709-297AE90FC989}.Release|Any CPU.ActiveCfg = Release|x64
		{AEF80105-FB6D-4886-A709-297AE90FC989}.Release|Any CPU.Build.0 = Release|x64
		{AEF80105-FB6D-4886-A709-297AE90FC989}.Release|Any CPU.Deploy.0 = Release|x64
		{AEF80105-FB6D-4886-A709-297AE90FC989}.Release|ARM.ActiveCfg = Release|x64
		{AEF80105-FB6D-4886-A709-297AE90FC989}.Release|ARM.Build.0 = Release|x64
		{AEF80105-FB6D-4886-A709-297AE90FC989}.Release|ARM64.ActiveCfg = Release|arm64
		{AEF80105-FB6D-4886-A709-297AE90FC989}.Release|ARM64.Build.0 = Release|arm64
		{AEF80105-FB6D-4886-A709-297AE90FC989}.Release|iPhone.ActiveCfg = Release|x64
		{AEF80105-FB6D-4886-A709-297AE90FC989}.Release|iPhone.Build.0 = Release|x64
		{AEF80105-FB6D-4886-A709-297AE90FC989}.Release|iPhoneSimulator.ActiveCfg = Release|x64
		{AEF80105-FB6D-4886-A709-297AE90FC989}.Release|iPhoneSimulator.Build.0 = Release|x64
		{AEF80105-FB6D-4886-A709-297AE90FC989}.Release|x64.ActiveCfg = Release|x64
		{AEF80105-FB6D-4886-A709-297AE90FC989}.Release|x64.Build.0 = Release|x64
		{AEF80105-FB6D-4886-A709-297AE90FC989}.Release|x86.ActiveCfg = Release|x86
		{AEF80105-FB6D-4886-A709-297AE90FC989}.Release|x86.Build.0 = Release|x86
		{6322510D-09F8-4152-85CB-2EC4BF63E1A6}.Debug|Any CPU.ActiveCfg = Debug|Any CPU
		{6322510D-09F8-4152-85CB-2EC4BF63E1A6}.Debug|Any CPU.Build.0 = Debug|Any CPU
		{6322510D-09F8-4152-85CB-2EC4BF63E1A6}.Debug|ARM.ActiveCfg = Debug|Any CPU
		{6322510D-09F8-4152-85CB-2EC4BF63E1A6}.Debug|ARM.Build.0 = Debug|Any CPU
		{6322510D-09F8-4152-85CB-2EC4BF63E1A6}.Debug|ARM64.ActiveCfg = Debug|Any CPU
		{6322510D-09F8-4152-85CB-2EC4BF63E1A6}.Debug|ARM64.Build.0 = Debug|Any CPU
		{6322510D-09F8-4152-85CB-2EC4BF63E1A6}.Debug|iPhone.ActiveCfg = Debug|Any CPU
		{6322510D-09F8-4152-85CB-2EC4BF63E1A6}.Debug|iPhone.Build.0 = Debug|Any CPU
		{6322510D-09F8-4152-85CB-2EC4BF63E1A6}.Debug|iPhoneSimulator.ActiveCfg = Debug|Any CPU
		{6322510D-09F8-4152-85CB-2EC4BF63E1A6}.Debug|iPhoneSimulator.Build.0 = Debug|Any CPU
		{6322510D-09F8-4152-85CB-2EC4BF63E1A6}.Debug|x64.ActiveCfg = Debug|Any CPU
		{6322510D-09F8-4152-85CB-2EC4BF63E1A6}.Debug|x64.Build.0 = Debug|Any CPU
		{6322510D-09F8-4152-85CB-2EC4BF63E1A6}.Debug|x86.ActiveCfg = Debug|Any CPU
		{6322510D-09F8-4152-85CB-2EC4BF63E1A6}.Debug|x86.Build.0 = Debug|Any CPU
		{6322510D-09F8-4152-85CB-2EC4BF63E1A6}.Release|Any CPU.ActiveCfg = Release|Any CPU
		{6322510D-09F8-4152-85CB-2EC4BF63E1A6}.Release|Any CPU.Build.0 = Release|Any CPU
		{6322510D-09F8-4152-85CB-2EC4BF63E1A6}.Release|ARM.ActiveCfg = Release|Any CPU
		{6322510D-09F8-4152-85CB-2EC4BF63E1A6}.Release|ARM.Build.0 = Release|Any CPU
		{6322510D-09F8-4152-85CB-2EC4BF63E1A6}.Release|ARM64.ActiveCfg = Release|Any CPU
		{6322510D-09F8-4152-85CB-2EC4BF63E1A6}.Release|ARM64.Build.0 = Release|Any CPU
		{6322510D-09F8-4152-85CB-2EC4BF63E1A6}.Release|iPhone.ActiveCfg = Release|Any CPU
		{6322510D-09F8-4152-85CB-2EC4BF63E1A6}.Release|iPhone.Build.0 = Release|Any CPU
		{6322510D-09F8-4152-85CB-2EC4BF63E1A6}.Release|iPhoneSimulator.ActiveCfg = Release|Any CPU
		{6322510D-09F8-4152-85CB-2EC4BF63E1A6}.Release|iPhoneSimulator.Build.0 = Release|Any CPU
		{6322510D-09F8-4152-85CB-2EC4BF63E1A6}.Release|x64.ActiveCfg = Release|Any CPU
		{6322510D-09F8-4152-85CB-2EC4BF63E1A6}.Release|x64.Build.0 = Release|Any CPU
		{6322510D-09F8-4152-85CB-2EC4BF63E1A6}.Release|x86.ActiveCfg = Release|Any CPU
		{6322510D-09F8-4152-85CB-2EC4BF63E1A6}.Release|x86.Build.0 = Release|Any CPU
	EndGlobalSection
	GlobalSection(SolutionProperties) = preSolution
		HideSolutionNode = FALSE
	EndGlobalSection
	GlobalSection(NestedProjects) = preSolution
		{5D801000-67E4-46B8-BE67-AA80A84F9A2F} = {3A19240C-5446-4ED9-B83F-0F4CC78C5DAF}
		{2189102C-8698-4760-A2C5-ADED686F84E2} = {47F8C0DC-A31B-4B0E-AC15-5B33E0022275}
		{47F8C0DC-A31B-4B0E-AC15-5B33E0022275} = {3A19240C-5446-4ED9-B83F-0F4CC78C5DAF}
		{729AC35A-243C-4B31-B4E3-3CD9D3753B0D} = {3A19240C-5446-4ED9-B83F-0F4CC78C5DAF}
		{2E59AE91-9280-443F-8513-57114C8AB077} = {47F8C0DC-A31B-4B0E-AC15-5B33E0022275}
		{629F2A6B-5F06-4F53-A1D8-C9F46C632823} = {47F8C0DC-A31B-4B0E-AC15-5B33E0022275}
		{44B3431A-69BF-4585-80FB-24CA5C43C5AE} = {47F8C0DC-A31B-4B0E-AC15-5B33E0022275}
		{8229AD76-138D-4CB3-949F-C643B73ACF82} = {47F8C0DC-A31B-4B0E-AC15-5B33E0022275}
		{AEF80105-FB6D-4886-A709-297AE90FC989} = {47F8C0DC-A31B-4B0E-AC15-5B33E0022275}
		{6322510D-09F8-4152-85CB-2EC4BF63E1A6} = {47F8C0DC-A31B-4B0E-AC15-5B33E0022275}
		{56B91C9C-6E92-4ED0-AC4C-DDE0B67A63D7} = {729AC35A-243C-4B31-B4E3-3CD9D3753B0D}
	EndGlobalSection
	GlobalSection(ExtensibilityGlobals) = postSolution
		SolutionGuid = {29654B4A-57F1-4355-AAC1-7AE0A92AD5EC}
	EndGlobalSection
EndGlobal
